
Microsoft Visual Studio Solution File, Format Version 12.00
# Visual Studio Version 16
VisualStudioVersion = 16.0.31729.503
MinimumVisualStudioVersion = 10.0.40219.1
Project("{FAE04EC0-301F-11D3-BF4B-00C04F79EFBC}") = "C_Sharp_Challenges", "C_Sharp_Challenges\C_Sharp_Challenges.csproj", "{A411C8D4-B5F1-48C0-A76B-CB5D034CB3B1}"
EndProject
Global
	GlobalSection(SolutionConfigurationPlatforms) = preSolution
		Debug|Any CPU = Debug|Any CPU
		Release|Any CPU = Release|Any CPU
	EndGlobalSection
	GlobalSection(ProjectConfigurationPlatforms) = postSolution
		{A411C8D4-B5F1-48C0-A76B-CB5D034CB3B1}.Debug|Any CPU.ActiveCfg = Debug|Any CPU
		{A411C8D4-B5F1-48C0-A76B-CB5D034CB3B1}.Debug|Any CPU.Build.0 = Debug|Any CPU
		{A411C8D4-B5F1-48C0-A76B-CB5D034CB3B1}.Release|Any CPU.ActiveCfg = Release|Any CPU
		{A411C8D4-B5F1-48C0-A76B-CB5D034CB3B1}.Release|Any CPU.Build.0 = Release|Any CPU
	EndGlobalSection
	GlobalSection(SolutionProperties) = preSolution
		HideSolutionNode = FALSE
	EndGlobalSection
	GlobalSection(ExtensibilityGlobals) = postSolution
		SolutionGuid = {10B829CC-4AAD-40B3-B2A3-7265A6197B62}
	EndGlobalSection
EndGlobal
