
Microsoft Visual Studio Solution File, Format Version 12.00
# Visual Studio Version 16
VisualStudioVersion = 16.0.31702.278
MinimumVisualStudioVersion = 10.0.40219.1
Project("{FAE04EC0-301F-11D3-BF4B-00C04F79EFBC}") = "Void_method", "Void_method\Void_method.csproj", "{DEDEBF80-DCDE-4F83-9539-EB83E890FCF7}"
EndProject
Global
	GlobalSection(SolutionConfigurationPlatforms) = preSolution
		Debug|Any CPU = Debug|Any CPU
		Release|Any CPU = Release|Any CPU
	EndGlobalSection
	GlobalSection(ProjectConfigurationPlatforms) = postSolution
		{DEDEBF80-DCDE-4F83-9539-EB83E890FCF7}.Debug|Any CPU.ActiveCfg = Debug|Any CPU
		{DEDEBF80-DCDE-4F83-9539-EB83E890FCF7}.Debug|Any CPU.Build.0 = Debug|Any CPU
		{DEDEBF80-DCDE-4F83-9539-EB83E890FCF7}.Release|Any CPU.ActiveCfg = Release|Any CPU
		{DEDEBF80-DCDE-4F83-9539-EB83E890FCF7}.Release|Any CPU.Build.0 = Release|Any CPU
	EndGlobalSection
	GlobalSection(SolutionProperties) = preSolution
		HideSolutionNode = FALSE
	EndGlobalSection
	GlobalSection(ExtensibilityGlobals) = postSolution
		SolutionGuid = {DD3D6467-E0DC-4B0E-B462-594A2E317BE0}
	EndGlobalSection
EndGlobal
