
Microsoft Visual Studio Solution File, Format Version 12.00
# Visual Studio Version 16
VisualStudioVersion = 16.0.31702.278
MinimumVisualStudioVersion = 10.0.40219.1
Project("{FAE04EC0-301F-11D3-BF4B-00C04F79EFBC}") = "Abstract_Class", "Abstract_Class\Abstract_Class.csproj", "{71120CE8-D6CC-40A3-813F-206519BC110E}"
EndProject
Global
	GlobalSection(SolutionConfigurationPlatforms) = preSolution
		Debug|Any CPU = Debug|Any CPU
		Release|Any CPU = Release|Any CPU
	EndGlobalSection
	GlobalSection(ProjectConfigurationPlatforms) = postSolution
		{71120CE8-D6CC-40A3-813F-206519BC110E}.Debug|Any CPU.ActiveCfg = Debug|Any CPU
		{71120CE8-D6CC-40A3-813F-206519BC110E}.Debug|Any CPU.Build.0 = Debug|Any CPU
		{71120CE8-D6CC-40A3-813F-206519BC110E}.Release|Any CPU.ActiveCfg = Release|Any CPU
		{71120CE8-D6CC-40A3-813F-206519BC110E}.Release|Any CPU.Build.0 = Release|Any CPU
	EndGlobalSection
	GlobalSection(SolutionProperties) = preSolution
		HideSolutionNode = FALSE
	EndGlobalSection
	GlobalSection(ExtensibilityGlobals) = postSolution
		SolutionGuid = {536556E8-0847-4BDF-82B3-920165793EF6}
	EndGlobalSection
EndGlobal
