
Microsoft Visual Studio Solution File, Format Version 12.00
# Visual Studio Version 16
VisualStudioVersion = 16.0.31702.278
MinimumVisualStudioVersion = 10.0.40219.1
Project("{FAE04EC0-301F-11D3-BF4B-00C04F79EFBC}") = "while_and_do_while_app", "while_and_do_while_app\while_and_do_while_app.csproj", "{A78E1502-8A10-4122-A834-AC8E8A02C66A}"
EndProject
Global
	GlobalSection(SolutionConfigurationPlatforms) = preSolution
		Debug|Any CPU = Debug|Any CPU
		Release|Any CPU = Release|Any CPU
	EndGlobalSection
	GlobalSection(ProjectConfigurationPlatforms) = postSolution
		{A78E1502-8A10-4122-A834-AC8E8A02C66A}.Debug|Any CPU.ActiveCfg = Debug|Any CPU
		{A78E1502-8A10-4122-A834-AC8E8A02C66A}.Debug|Any CPU.Build.0 = Debug|Any CPU
		{A78E1502-8A10-4122-A834-AC8E8A02C66A}.Release|Any CPU.ActiveCfg = Release|Any CPU
		{A78E1502-8A10-4122-A834-AC8E8A02C66A}.Release|Any CPU.Build.0 = Release|Any CPU
	EndGlobalSection
	GlobalSection(SolutionProperties) = preSolution
		HideSolutionNode = FALSE
	EndGlobalSection
	GlobalSection(ExtensibilityGlobals) = postSolution
		SolutionGuid = {F8EF4811-98CE-42A9-8A13-EF9E68F77FDC}
	EndGlobalSection
EndGlobal
